// !$*UTF8*$!
{
	archiveVersion = 1;
	classes = {
	};
	objectVersion = 56;
	objects = {

/* Begin PBXBuildFile section */
		BF1F02442995DA8500F095D8 /* AppDelegate.swift in Sources */ = {isa = PBXBuildFile; fileRef = BF1F02432995DA8500F095D8 /* AppDelegate.swift */; };
		BF1F02462995DA8500F095D8 /* SceneDelegate.swift in Sources */ = {isa = PBXBuildFile; fileRef = BF1F02452995DA8500F095D8 /* SceneDelegate.swift */; };
		BF1F024D2995DA8600F095D8 /* Assets.xcassets in Resources */ = {isa = PBXBuildFile; fileRef = BF1F024C2995DA8600F095D8 /* Assets.xcassets */; };
		BF1F02502995DA8600F095D8 /* LaunchScreen.storyboard in Resources */ = {isa = PBXBuildFile; fileRef = BF1F024E2995DA8600F095D8 /* LaunchScreen.storyboard */; };
		BF1F025B2995DB1100F095D8 /* Business.swift in Sources */ = {isa = PBXBuildFile; fileRef = BF1F025A2995DB1100F095D8 /* Business.swift */; };
		BF1F025E2995DE8900F095D8 /* BusinessController.swift in Sources */ = {isa = PBXBuildFile; fileRef = BF1F025D2995DE8900F095D8 /* BusinessController.swift */; };
		BF1F02612995E0DA00F095D8 /* BusinessError.swift in Sources */ = {isa = PBXBuildFile; fileRef = BF1F02602995E0DA00F095D8 /* BusinessError.swift */; };
		BF2BACE729AD861400D9649C /* Main.storyboard in Resources */ = {isa = PBXBuildFile; fileRef = BF2BACE629AD861400D9649C /* Main.storyboard */; };
		BF2BACE929AD866A00D9649C /* HomeView.swift in Sources */ = {isa = PBXBuildFile; fileRef = BF2BACE829AD866A00D9649C /* HomeView.swift */; };
		BF2BACEB29AD86A000D9649C /* SuggestionCVCell.swift in Sources */ = {isa = PBXBuildFile; fileRef = BF2BACEA29AD86A000D9649C /* SuggestionCVCell.swift */; };
		BFCB385229B1392600224E4C /* Extensions.swift in Sources */ = {isa = PBXBuildFile; fileRef = BFCB385129B1392600224E4C /* Extensions.swift */; };
		BFD807EB29B19EC30090741E /* DetailMenuVC.swift in Sources */ = {isa = PBXBuildFile; fileRef = BFD807EA29B19EC30090741E /* DetailMenuVC.swift */; };
		BFD807ED29B97C100090741E /* CategoryCollectionViewCell.swift in Sources */ = {isa = PBXBuildFile; fileRef = BFD807EC29B97C100090741E /* CategoryCollectionViewCell.swift */; };
		BFD807EF29B97D5A0090741E /* CategoryTableViewController.swift in Sources */ = {isa = PBXBuildFile; fileRef = BFD807EE29B97D5A0090741E /* CategoryTableViewController.swift */; };
		BFD807F129B97FCC0090741E /* Category.swift in Sources */ = {isa = PBXBuildFile; fileRef = BFD807F029B97FCC0090741E /* Category.swift */; };
		BFD807F429BAD1A30090741E /* CategoryDetailTableViewCell.swift in Sources */ = {isa = PBXBuildFile; fileRef = BFD807F329BAD1A30090741E /* CategoryDetailTableViewCell.swift */; };
/* End PBXBuildFile section */

/* Begin PBXFileReference section */
		BF1F02402995DA8500F095D8 /* YelpAPI.app */ = {isa = PBXFileReference; explicitFileType = wrapper.application; includeInIndex = 0; path = YelpAPI.app; sourceTree = BUILT_PRODUCTS_DIR; };
		BF1F02432995DA8500F095D8 /* AppDelegate.swift */ = {isa = PBXFileReference; lastKnownFileType = sourcecode.swift; path = AppDelegate.swift; sourceTree = "<group>"; };
		BF1F02452995DA8500F095D8 /* SceneDelegate.swift */ = {isa = PBXFileReference; lastKnownFileType = sourcecode.swift; path = SceneDelegate.swift; sourceTree = "<group>"; };
		BF1F024C2995DA8600F095D8 /* Assets.xcassets */ = {isa = PBXFileReference; lastKnownFileType = folder.assetcatalog; path = Assets.xcassets; sourceTree = "<group>"; };
		BF1F024F2995DA8600F095D8 /* Base */ = {isa = PBXFileReference; lastKnownFileType = file.storyboard; name = Base; path = Base.lproj/LaunchScreen.storyboard; sourceTree = "<group>"; };
		BF1F02512995DA8600F095D8 /* Info.plist */ = {isa = PBXFileReference; lastKnownFileType = text.plist.xml; path = Info.plist; sourceTree = "<group>"; };
		BF1F025A2995DB1100F095D8 /* Business.swift */ = {isa = PBXFileReference; lastKnownFileType = sourcecode.swift; path = Business.swift; sourceTree = "<group>"; };
		BF1F025D2995DE8900F095D8 /* BusinessController.swift */ = {isa = PBXFileReference; lastKnownFileType = sourcecode.swift; path = BusinessController.swift; sourceTree = "<group>"; };
		BF1F02602995E0DA00F095D8 /* BusinessError.swift */ = {isa = PBXFileReference; lastKnownFileType = sourcecode.swift; path = BusinessError.swift; sourceTree = "<group>"; };
		BF2BACE629AD861400D9649C /* Main.storyboard */ = {isa = PBXFileReference; lastKnownFileType = file.storyboard; path = Main.storyboard; sourceTree = "<group>"; };
		BF2BACE829AD866A00D9649C /* HomeView.swift */ = {isa = PBXFileReference; lastKnownFileType = sourcecode.swift; path = HomeView.swift; sourceTree = "<group>"; };
		BF2BACEA29AD86A000D9649C /* SuggestionCVCell.swift */ = {isa = PBXFileReference; lastKnownFileType = sourcecode.swift; path = SuggestionCVCell.swift; sourceTree = "<group>"; };
		BFCB385129B1392600224E4C /* Extensions.swift */ = {isa = PBXFileReference; lastKnownFileType = sourcecode.swift; path = Extensions.swift; sourceTree = "<group>"; };
		BFD807EA29B19EC30090741E /* DetailMenuVC.swift */ = {isa = PBXFileReference; lastKnownFileType = sourcecode.swift; path = DetailMenuVC.swift; sourceTree = "<group>"; };
		BFD807EC29B97C100090741E /* CategoryCollectionViewCell.swift */ = {isa = PBXFileReference; lastKnownFileType = sourcecode.swift; path = CategoryCollectionViewCell.swift; sourceTree = "<group>"; };
		BFD807EE29B97D5A0090741E /* CategoryTableViewController.swift */ = {isa = PBXFileReference; lastKnownFileType = sourcecode.swift; path = CategoryTableViewController.swift; sourceTree = "<group>"; };
		BFD807F029B97FCC0090741E /* Category.swift */ = {isa = PBXFileReference; lastKnownFileType = sourcecode.swift; path = Category.swift; sourceTree = "<group>"; };
		BFD807F329BAD1A30090741E /* CategoryDetailTableViewCell.swift */ = {isa = PBXFileReference; lastKnownFileType = sourcecode.swift; path = CategoryDetailTableViewCell.swift; sourceTree = "<group>"; };
/* End PBXFileReference section */

/* Begin PBXFrameworksBuildPhase section */
		BF1F023D2995DA8500F095D8 /* Frameworks */ = {
			isa = PBXFrameworksBuildPhase;
			buildActionMask = 2147483647;
			files = (
			);
			runOnlyForDeploymentPostprocessing = 0;
		};
/* End PBXFrameworksBuildPhase section */

/* Begin PBXGroup section */
		BF1F02372995DA8500F095D8 = {
			isa = PBXGroup;
			children = (
				BF1F02422995DA8500F095D8 /* YelpAPI */,
				BF1F02412995DA8500F095D8 /* Products */,
			);
			sourceTree = "<group>";
		};
		BF1F02412995DA8500F095D8 /* Products */ = {
			isa = PBXGroup;
			children = (
				BF1F02402995DA8500F095D8 /* YelpAPI.app */,
			);
			name = Products;
			sourceTree = "<group>";
		};
		BF1F02422995DA8500F095D8 /* YelpAPI */ = {
			isa = PBXGroup;
			children = (
				BF1F025C2995DB1600F095D8 /* Model */,
				BF1F02582995DAD400F095D8 /* Views */,
				BF1F025F2995DEA400F095D8 /* Controllers */,
				BF1F02622995E0E000F095D8 /* Helpers */,
				BF1F02592995DAE300F095D8 /* Storyboards */,
				BF1F02572995DA9500F095D8 /* Resources */,
			);
			path = YelpAPI;
			sourceTree = "<group>";
		};
		BF1F02572995DA9500F095D8 /* Resources */ = {
			isa = PBXGroup;
			children = (
				BF2BACEC29AEE76100D9649C /* Images */,
				BF1F02432995DA8500F095D8 /* AppDelegate.swift */,
				BF1F02452995DA8500F095D8 /* SceneDelegate.swift */,
				BFCB385129B1392600224E4C /* Extensions.swift */,
				BF1F024C2995DA8600F095D8 /* Assets.xcassets */,
				BF1F02512995DA8600F095D8 /* Info.plist */,
			);
			path = Resources;
			sourceTree = "<group>";
		};
		BF1F02582995DAD400F095D8 /* Views */ = {
			isa = PBXGroup;
			children = (
			);
			path = Views;
			sourceTree = "<group>";
		};
		BF1F02592995DAE300F095D8 /* Storyboards */ = {
			isa = PBXGroup;
			children = (
				BF2BACE629AD861400D9649C /* Main.storyboard */,
				BF1F024E2995DA8600F095D8 /* LaunchScreen.storyboard */,
			);
			path = Storyboards;
			sourceTree = "<group>";
		};
		BF1F025C2995DB1600F095D8 /* Model */ = {
			isa = PBXGroup;
			children = (
				BF1F025A2995DB1100F095D8 /* Business.swift */,
				BFD807F029B97FCC0090741E /* Category.swift */,
			);
			path = Model;
			sourceTree = "<group>";
		};
		BF1F025F2995DEA400F095D8 /* Controllers */ = {
			isa = PBXGroup;
			children = (
				BF1F02CF29AD855800F095D8 /* ModelControllers */,
				BF1F02D029AD856600F095D8 /* ViewControllers */,
			);
			path = Controllers;
			sourceTree = "<group>";
		};
		BF1F02622995E0E000F095D8 /* Helpers */ = {
			isa = PBXGroup;
			children = (
				BF1F02602995E0DA00F095D8 /* BusinessError.swift */,
			);
			path = Helpers;
			sourceTree = "<group>";
		};
		BF1F02CF29AD855800F095D8 /* ModelControllers */ = {
			isa = PBXGroup;
			children = (
				BF1F025D2995DE8900F095D8 /* BusinessController.swift */,
			);
			path = ModelControllers;
			sourceTree = "<group>";
		};
		BF1F02D029AD856600F095D8 /* ViewControllers */ = {
			isa = PBXGroup;
			children = (
				BF2BACE829AD866A00D9649C /* HomeView.swift */,
				BFD807EA29B19EC30090741E /* DetailMenuVC.swift */,
				BFD807EE29B97D5A0090741E /* CategoryTableViewController.swift */,
				BFD807F229BAC3500090741E /* CustomCells */,
			);
			path = ViewControllers;
			sourceTree = "<group>";
		};
		BF2BACEC29AEE76100D9649C /* Images */ = {
			isa = PBXGroup;
			children = (
			);
			path = Images;
			sourceTree = "<group>";
		};
		BFD807F229BAC3500090741E /* CustomCells */ = {
			isa = PBXGroup;
			children = (
				BF2BACEA29AD86A000D9649C /* SuggestionCVCell.swift */,
				BFD807EC29B97C100090741E /* CategoryCollectionViewCell.swift */,
				BFD807F329BAD1A30090741E /* CategoryDetailTableViewCell.swift */,
			);
			path = CustomCells;
			sourceTree = "<group>";
		};
/* End PBXGroup section */

/* Begin PBXNativeTarget section */
		BF1F023F2995DA8500F095D8 /* YelpAPI */ = {
			isa = PBXNativeTarget;
			buildConfigurationList = BF1F02542995DA8600F095D8 /* Build configuration list for PBXNativeTarget "YelpAPI" */;
			buildPhases = (
				BF1F023C2995DA8500F095D8 /* Sources */,
				BF1F023D2995DA8500F095D8 /* Frameworks */,
				BF1F023E2995DA8500F095D8 /* Resources */,
			);
			buildRules = (
			);
			dependencies = (
			);
			name = YelpAPI;
			productName = YelpAPI;
			productReference = BF1F02402995DA8500F095D8 /* YelpAPI.app */;
			productType = "com.apple.product-type.application";
		};
/* End PBXNativeTarget section */

/* Begin PBXProject section */
		BF1F02382995DA8500F095D8 /* Project object */ = {
			isa = PBXProject;
			attributes = {
				BuildIndependentTargetsInParallel = 1;
				LastSwiftUpdateCheck = 1420;
				LastUpgradeCheck = 1420;
				TargetAttributes = {
					BF1F023F2995DA8500F095D8 = {
						CreatedOnToolsVersion = 14.2;
					};
				};
			};
			buildConfigurationList = BF1F023B2995DA8500F095D8 /* Build configuration list for PBXProject "YelpAPI" */;
			compatibilityVersion = "Xcode 14.0";
			developmentRegion = en;
			hasScannedForEncodings = 0;
			knownRegions = (
				en,
				Base,
			);
			mainGroup = BF1F02372995DA8500F095D8;
			productRefGroup = BF1F02412995DA8500F095D8 /* Products */;
			projectDirPath = "";
			projectRoot = "";
			targets = (
				BF1F023F2995DA8500F095D8 /* YelpAPI */,
			);
		};
/* End PBXProject section */

/* Begin PBXResourcesBuildPhase section */
		BF1F023E2995DA8500F095D8 /* Resources */ = {
			isa = PBXResourcesBuildPhase;
			buildActionMask = 2147483647;
			files = (
				BF2BACE729AD861400D9649C /* Main.storyboard in Resources */,
				BF1F02502995DA8600F095D8 /* LaunchScreen.storyboard in Resources */,
				BF1F024D2995DA8600F095D8 /* Assets.xcassets in Resources */,
			);
			runOnlyForDeploymentPostprocessing = 0;
		};
/* End PBXResourcesBuildPhase section */

/* Begin PBXSourcesBuildPhase section */
		BF1F023C2995DA8500F095D8 /* Sources */ = {
			isa = PBXSourcesBuildPhase;
			buildActionMask = 2147483647;
			files = (
				BF1F025B2995DB1100F095D8 /* Business.swift in Sources */,
				BF1F02442995DA8500F095D8 /* AppDelegate.swift in Sources */,
				BF1F02462995DA8500F095D8 /* SceneDelegate.swift in Sources */,
				BFCB385229B1392600224E4C /* Extensions.swift in Sources */,
				BFD807EF29B97D5A0090741E /* CategoryTableViewController.swift in Sources */,
				BF2BACEB29AD86A000D9649C /* SuggestionCVCell.swift in Sources */,
				BF2BACE929AD866A00D9649C /* HomeView.swift in Sources */,
				BFD807ED29B97C100090741E /* CategoryCollectionViewCell.swift in Sources */,
				BFD807EB29B19EC30090741E /* DetailMenuVC.swift in Sources */,
				BF1F02612995E0DA00F095D8 /* BusinessError.swift in Sources */,
				BF1F025E2995DE8900F095D8 /* BusinessController.swift in Sources */,
				BFD807F429BAD1A30090741E /* CategoryDetailTableViewCell.swift in Sources */,
				BFD807F129B97FCC0090741E /* Category.swift in Sources */,
			);
			runOnlyForDeploymentPostprocessing = 0;
		};
/* End PBXSourcesBuildPhase section */

/* Begin PBXVariantGroup section */
		BF1F024E2995DA8600F095D8 /* LaunchScreen.storyboard */ = {
			isa = PBXVariantGroup;
			children = (
				BF1F024F2995DA8600F095D8 /* Base */,
			);
			name = LaunchScreen.storyboard;
			sourceTree = "<group>";
		};
/* End PBXVariantGroup section */

/* Begin XCBuildConfiguration section */
		BF1F02522995DA8600F095D8 /* Debug */ = {
			isa = XCBuildConfiguration;
			buildSettings = {
				ALWAYS_SEARCH_USER_PATHS = NO;
				CLANG_ANALYZER_NONNULL = YES;
				CLANG_ANALYZER_NUMBER_OBJECT_CONVERSION = YES_AGGRESSIVE;
				CLANG_CXX_LANGUAGE_STANDARD = "gnu++20";
				CLANG_ENABLE_MODULES = YES;
				CLANG_ENABLE_OBJC_ARC = YES;
				CLANG_ENABLE_OBJC_WEAK = YES;
				CLANG_WARN_BLOCK_CAPTURE_AUTORELEASING = YES;
				CLANG_WARN_BOOL_CONVERSION = YES;
				CLANG_WARN_COMMA = YES;
				CLANG_WARN_CONSTANT_CONVERSION = YES;
				CLANG_WARN_DEPRECATED_OBJC_IMPLEMENTATIONS = YES;
				CLANG_WARN_DIRECT_OBJC_ISA_USAGE = YES_ERROR;
				CLANG_WARN_DOCUMENTATION_COMMENTS = YES;
				CLANG_WARN_EMPTY_BODY = YES;
				CLANG_WARN_ENUM_CONVERSION = YES;
				CLANG_WARN_INFINITE_RECURSION = YES;
				CLANG_WARN_INT_CONVERSION = YES;
				CLANG_WARN_NON_LITERAL_NULL_CONVERSION = YES;
				CLANG_WARN_OBJC_IMPLICIT_RETAIN_SELF = YES;
				CLANG_WARN_OBJC_LITERAL_CONVERSION = YES;
				CLANG_WARN_OBJC_ROOT_CLASS = YES_ERROR;
				CLANG_WARN_QUOTED_INCLUDE_IN_FRAMEWORK_HEADER = YES;
				CLANG_WARN_RANGE_LOOP_ANALYSIS = YES;
				CLANG_WARN_STRICT_PROTOTYPES = YES;
				CLANG_WARN_SUSPICIOUS_MOVE = YES;
				CLANG_WARN_UNGUARDED_AVAILABILITY = YES_AGGRESSIVE;
				CLANG_WARN_UNREACHABLE_CODE = YES;
				CLANG_WARN__DUPLICATE_METHOD_MATCH = YES;
				COPY_PHASE_STRIP = NO;
				DEBUG_INFORMATION_FORMAT = dwarf;
				ENABLE_STRICT_OBJC_MSGSEND = YES;
				ENABLE_TESTABILITY = YES;
				GCC_C_LANGUAGE_STANDARD = gnu11;
				GCC_DYNAMIC_NO_PIC = NO;
				GCC_NO_COMMON_BLOCKS = YES;
				GCC_OPTIMIZATION_LEVEL = 0;
				GCC_PREPROCESSOR_DEFINITIONS = (
					"DEBUG=1",
					"$(inherited)",
				);
				GCC_WARN_64_TO_32_BIT_CONVERSION = YES;
				GCC_WARN_ABOUT_RETURN_TYPE = YES_ERROR;
				GCC_WARN_UNDECLARED_SELECTOR = YES;
				GCC_WARN_UNINITIALIZED_AUTOS = YES_AGGRESSIVE;
				GCC_WARN_UNUSED_FUNCTION = YES;
				GCC_WARN_UNUSED_VARIABLE = YES;
				IPHONEOS_DEPLOYMENT_TARGET = 16.2;
				MTL_ENABLE_DEBUG_INFO = INCLUDE_SOURCE;
				MTL_FAST_MATH = YES;
				ONLY_ACTIVE_ARCH = YES;
				SDKROOT = iphoneos;
				SWIFT_ACTIVE_COMPILATION_CONDITIONS = DEBUG;
				SWIFT_OPTIMIZATION_LEVEL = "-Onone";
			};
			name = Debug;
		};
		BF1F02532995DA8600F095D8 /* Release */ = {
			isa = XCBuildConfiguration;
			buildSettings = {
				ALWAYS_SEARCH_USER_PATHS = NO;
				CLANG_ANALYZER_NONNULL = YES;
				CLANG_ANALYZER_NUMBER_OBJECT_CONVERSION = YES_AGGRESSIVE;
				CLANG_CXX_LANGUAGE_STANDARD = "gnu++20";
				CLANG_ENABLE_MODULES = YES;
				CLANG_ENABLE_OBJC_ARC = YES;
				CLANG_ENABLE_OBJC_WEAK = YES;
				CLANG_WARN_BLOCK_CAPTURE_AUTORELEASING = YES;
				CLANG_WARN_BOOL_CONVERSION = YES;
				CLANG_WARN_COMMA = YES;
				CLANG_WARN_CONSTANT_CONVERSION = YES;
				CLANG_WARN_DEPRECATED_OBJC_IMPLEMENTATIONS = YES;
				CLANG_WARN_DIRECT_OBJC_ISA_USAGE = YES_ERROR;
				CLANG_WARN_DOCUMENTATION_COMMENTS = YES;
				CLANG_WARN_EMPTY_BODY = YES;
				CLANG_WARN_ENUM_CONVERSION = YES;
				CLANG_WARN_INFINITE_RECURSION = YES;
				CLANG_WARN_INT_CONVERSION = YES;
				CLANG_WARN_NON_LITERAL_NULL_CONVERSION = YES;
				CLANG_WARN_OBJC_IMPLICIT_RETAIN_SELF = YES;
				CLANG_WARN_OBJC_LITERAL_CONVERSION = YES;
				CLANG_WARN_OBJC_ROOT_CLASS = YES_ERROR;
				CLANG_WARN_QUOTED_INCLUDE_IN_FRAMEWORK_HEADER = YES;
				CLANG_WARN_RANGE_LOOP_ANALYSIS = YES;
				CLANG_WARN_STRICT_PROTOTYPES = YES;
				CLANG_WARN_SUSPICIOUS_MOVE = YES;
				CLANG_WARN_UNGUARDED_AVAILABILITY = YES_AGGRESSIVE;
				CLANG_WARN_UNREACHABLE_CODE = YES;
				CLANG_WARN__DUPLICATE_METHOD_MATCH = YES;
				COPY_PHASE_STRIP = NO;
				DEBUG_INFORMATION_FORMAT = "dwarf-with-dsym";
				ENABLE_NS_ASSERTIONS = NO;
				ENABLE_STRICT_OBJC_MSGSEND = YES;
				GCC_C_LANGUAGE_STANDARD = gnu11;
				GCC_NO_COMMON_BLOCKS = YES;
				GCC_WARN_64_TO_32_BIT_CONVERSION = YES;
				GCC_WARN_ABOUT_RETURN_TYPE = YES_ERROR;
				GCC_WARN_UNDECLARED_SELECTOR = YES;
				GCC_WARN_UNINITIALIZED_AUTOS = YES_AGGRESSIVE;
				GCC_WARN_UNUSED_FUNCTION = YES;
				GCC_WARN_UNUSED_VARIABLE = YES;
				IPHONEOS_DEPLOYMENT_TARGET = 16.2;
				MTL_ENABLE_DEBUG_INFO = NO;
				MTL_FAST_MATH = YES;
				SDKROOT = iphoneos;
				SWIFT_COMPILATION_MODE = wholemodule;
				SWIFT_OPTIMIZATION_LEVEL = "-O";
				VALIDATE_PRODUCT = YES;
			};
			name = Release;
		};
		BF1F02552995DA8600F095D8 /* Debug */ = {
			isa = XCBuildConfiguration;
			buildSettings = {
				ASSETCATALOG_COMPILER_APPICON_NAME = AppIcon;
				ASSETCATALOG_COMPILER_GLOBAL_ACCENT_COLOR_NAME = AccentColor;
				CODE_SIGN_STYLE = Automatic;
				CURRENT_PROJECT_VERSION = 1;
				DEVELOPMENT_TEAM = NJ3Y4LJ7H6;
				GENERATE_INFOPLIST_FILE = YES;
				INFOPLIST_FILE = YelpAPI/Resources/Info.plist;
				INFOPLIST_KEY_UIApplicationSupportsIndirectInputEvents = YES;
				INFOPLIST_KEY_UILaunchStoryboardName = LaunchScreen;
				INFOPLIST_KEY_UIMainStoryboardFile = Main;
				INFOPLIST_KEY_UISupportedInterfaceOrientations_iPad = "UIInterfaceOrientationPortrait UIInterfaceOrientationPortraitUpsideDown UIInterfaceOrientationLandscapeLeft UIInterfaceOrientationLandscapeRight";
				INFOPLIST_KEY_UISupportedInterfaceOrientations_iPhone = "UIInterfaceOrientationPortrait UIInterfaceOrientationLandscapeLeft UIInterfaceOrientationLandscapeRight";
				LD_RUNPATH_SEARCH_PATHS = (
					"$(inherited)",
					"@executable_path/Frameworks",
				);
				MARKETING_VERSION = 1.0;
				PRODUCT_BUNDLE_IDENTIFIER = com.Andrew.YelpAPI;
				PRODUCT_NAME = "$(TARGET_NAME)";
				SWIFT_EMIT_LOC_STRINGS = YES;
				SWIFT_VERSION = 5.0;
				TARGETED_DEVICE_FAMILY = "1,2";
			};
			name = Debug;
		};
		BF1F02562995DA8600F095D8 /* Release */ = {
			isa = XCBuildConfiguration;
			buildSettings = {
				ASSETCATALOG_COMPILER_APPICON_NAME = AppIcon;
				ASSETCATALOG_COMPILER_GLOBAL_ACCENT_COLOR_NAME = AccentColor;
				CODE_SIGN_STYLE = Automatic;
				CURRENT_PROJECT_VERSION = 1;
				DEVELOPMENT_TEAM = NJ3Y4LJ7H6;
				GENERATE_INFOPLIST_FILE = YES;
				INFOPLIST_FILE = YelpAPI/Resources/Info.plist;
				INFOPLIST_KEY_UIApplicationSupportsIndirectInputEvents = YES;
				INFOPLIST_KEY_UILaunchStoryboardName = LaunchScreen;
				INFOPLIST_KEY_UIMainStoryboardFile = Main;
				INFOPLIST_KEY_UISupportedInterfaceOrientations_iPad = "UIInterfaceOrientationPortrait UIInterfaceOrientationPortraitUpsideDown UIInterfaceOrientationLandscapeLeft UIInterfaceOrientationLandscapeRight";
				INFOPLIST_KEY_UISupportedInterfaceOrientations_iPhone = "UIInterfaceOrientationPortrait UIInterfaceOrientationLandscapeLeft UIInterfaceOrientationLandscapeRight";
				LD_RUNPATH_SEARCH_PATHS = (
					"$(inherited)",
					"@executable_path/Frameworks",
				);
				MARKETING_VERSION = 1.0;
				PRODUCT_BUNDLE_IDENTIFIER = com.Andrew.YelpAPI;
				PRODUCT_NAME = "$(TARGET_NAME)";
				SWIFT_EMIT_LOC_STRINGS = YES;
				SWIFT_VERSION = 5.0;
				TARGETED_DEVICE_FAMILY = "1,2";
			};
			name = Release;
		};
/* End XCBuildConfiguration section */

/* Begin XCConfigurationList section */
		BF1F023B2995DA8500F095D8 /* Build configuration list for PBXProject "YelpAPI" */ = {
			isa = XCConfigurationList;
			buildConfigurations = (
				BF1F02522995DA8600F095D8 /* Debug */,
				BF1F02532995DA8600F095D8 /* Release */,
			);
			defaultConfigurationIsVisible = 0;
			defaultConfigurationName = Release;
		};
		BF1F02542995DA8600F095D8 /* Build configuration list for PBXNativeTarget "YelpAPI" */ = {
			isa = XCConfigurationList;
			buildConfigurations = (
				BF1F02552995DA8600F095D8 /* Debug */,
				BF1F02562995DA8600F095D8 /* Release */,
			);
			defaultConfigurationIsVisible = 0;
			defaultConfigurationName = Release;
		};
/* End XCConfigurationList section */
	};
	rootObject = BF1F02382995DA8500F095D8 /* Project object */;
}
